// !$*UTF8*$!
{
	archiveVersion = 1;
	classes = {};
	objectVersion = 56;
	objects = {

/* Begin PBXBuildFile section */
		A10000000000000000000001 /* NudgeApp.swift in Sources */ = {isa = PBXBuildFile; fileRef = B10000000000000000000001 /* NudgeApp.swift */; };
		A10000000000000000000002 /* NudgeAppDelegate.swift in Sources */ = {isa = PBXBuildFile; fileRef = B10000000000000000000002 /* NudgeAppDelegate.swift */; };
		A10000000000000000000003 /* AppState.swift in Sources */ = {isa = PBXBuildFile; fileRef = B10000000000000000000003 /* AppState.swift */; };
		A10000000000000000000004 /* NudgeModels.swift in Sources */ = {isa = PBXBuildFile; fileRef = B10000000000000000000004 /* NudgeModels.swift */; };
		A10000000000000000000005 /* PresentationReducer.swift in Sources */ = {isa = PBXBuildFile; fileRef = B10000000000000000000005 /* PresentationReducer.swift */; };
		A10000000000000000000006 /* NotchGeometry.swift in Sources */ = {isa = PBXBuildFile; fileRef = B10000000000000000000006 /* NotchGeometry.swift */; };
		A10000000000000000000007 /* NotchPanelController.swift in Sources */ = {isa = PBXBuildFile; fileRef = B10000000000000000000007 /* NotchPanelController.swift */; };
		A10000000000000000000008 /* NotchRootView.swift in Sources */ = {isa = PBXBuildFile; fileRef = B10000000000000000000008 /* NotchRootView.swift */; };
		A10000000000000000000009 /* Nudgie.swift in Sources */ = {isa = PBXBuildFile; fileRef = B10000000000000000000009 /* Nudgie.swift */; };
		A1000000000000000000000A /* PlaygroundMenuView.swift in Sources */ = {isa = PBXBuildFile; fileRef = B1000000000000000000000A /* PlaygroundMenuView.swift */; };
		A1000000000000000000000D /* NotchComponents.swift in Sources */ = {isa = PBXBuildFile; fileRef = B1000000000000000000000D; };
		A1000000000000000000000E /* PlaygroundScenario.swift in Sources */ = {isa = PBXBuildFile; fileRef = B1000000000000000000000E; };
		A1000000000000000000000F /* CodexNavigator.swift in Sources */ = {isa = PBXBuildFile; fileRef = B1000000000000000000000F; };
		A20000000000000000000001 /* NudgeEvent.swift in Sources */ = {isa = PBXBuildFile; fileRef = B20000000000000000000001; };
		A20000000000000000000002 /* SessionReducer.swift in Sources */ = {isa = PBXBuildFile; fileRef = B20000000000000000000002; };
		A20000000000000000000003 /* FocusPolicy.swift in Sources */ = {isa = PBXBuildFile; fileRef = B20000000000000000000003; };
		A20000000000000000000004 /* WireEnvelope.swift in Sources */ = {isa = PBXBuildFile; fileRef = B20000000000000000000004; };
		A20000000000000000000005 /* UnixSocketTransport.swift in Sources */ = {isa = PBXBuildFile; fileRef = B20000000000000000000005; };
		A20000000000000000000006 /* CodexHookAdapter.swift in Sources */ = {isa = PBXBuildFile; fileRef = B20000000000000000000006; };
		A20000000000000000000007 /* CodexConfigurationResolver.swift in Sources */ = {isa = PBXBuildFile; fileRef = B20000000000000000000007; };
		A20000000000000000000008 /* CodexHookInstaller.swift in Sources */ = {isa = PBXBuildFile; fileRef = B20000000000000000000008; };
		A20000000000000000000009 /* BridgeProcessor.swift in Sources */ = {isa = PBXBuildFile; fileRef = B20000000000000000000009; };
		A2000000000000000000000A /* CodexEventMonitor.swift in Sources */ = {isa = PBXBuildFile; fileRef = B2000000000000000000000A; };
		A2000000000000000000000B /* BridgeHelperInstaller.swift in Sources */ = {isa = PBXBuildFile; fileRef = B2000000000000000000000B; };
		A2000000000000000000000C /* NudgeModels.swift in NudgeBridge */ = {isa = PBXBuildFile; fileRef = B10000000000000000000004; };
		A2000000000000000000000D /* NudgeEvent.swift in NudgeBridge */ = {isa = PBXBuildFile; fileRef = B20000000000000000000001; };
		A2000000000000000000000E /* WireEnvelope.swift in NudgeBridge */ = {isa = PBXBuildFile; fileRef = B20000000000000000000004; };
		A2000000000000000000000F /* UnixSocketTransport.swift in NudgeBridge */ = {isa = PBXBuildFile; fileRef = B20000000000000000000005; };
		A20000000000000000000010 /* CodexHookAdapter.swift in NudgeBridge */ = {isa = PBXBuildFile; fileRef = B20000000000000000000006; };
		A20000000000000000000011 /* BridgeProcessor.swift in NudgeBridge */ = {isa = PBXBuildFile; fileRef = B20000000000000000000009; };
		A20000000000000000000012 /* main.swift in NudgeBridge */ = {isa = PBXBuildFile; fileRef = B2000000000000000000000C; };
		A20000000000000000000013 /* NudgeModels.swift in NudgeCoreTests */ = {isa = PBXBuildFile; fileRef = B10000000000000000000004; };
		A20000000000000000000014 /* NudgeEvent.swift in NudgeCoreTests */ = {isa = PBXBuildFile; fileRef = B20000000000000000000001; };
		A20000000000000000000015 /* SessionReducer.swift in NudgeCoreTests */ = {isa = PBXBuildFile; fileRef = B20000000000000000000002; };
		A20000000000000000000016 /* FocusPolicy.swift in NudgeCoreTests */ = {isa = PBXBuildFile; fileRef = B20000000000000000000003; };
		A20000000000000000000017 /* PresentationReducer.swift in NudgeCoreTests */ = {isa = PBXBuildFile; fileRef = B10000000000000000000005; };
		A20000000000000000000018 /* SessionReducerTests.swift in Sources */ = {isa = PBXBuildFile; fileRef = B2000000000000000000000D; };
		A20000000000000000000019 /* FocusPolicyTests.swift in Sources */ = {isa = PBXBuildFile; fileRef = B2000000000000000000000E; };
		A2000000000000000000001A /* PresentationReducerTests.swift in Sources */ = {isa = PBXBuildFile; fileRef = B20000000000000000000010; };
		A2000000000000000000001B /* NudgeModels.swift in NudgeIntegrationTests */ = {isa = PBXBuildFile; fileRef = B10000000000000000000004; };
		A2000000000000000000001C /* NudgeEvent.swift in NudgeIntegrationTests */ = {isa = PBXBuildFile; fileRef = B20000000000000000000001; };
		A2000000000000000000001D /* SessionReducer.swift in NudgeIntegrationTests */ = {isa = PBXBuildFile; fileRef = B20000000000000000000002; };
		A2000000000000000000001E /* FocusPolicy.swift in NudgeIntegrationTests */ = {isa = PBXBuildFile; fileRef = B20000000000000000000003; };
		A2000000000000000000001F /* WireEnvelope.swift in NudgeIntegrationTests */ = {isa = PBXBuildFile; fileRef = B20000000000000000000004; };
		A20000000000000000000020 /* UnixSocketTransport.swift in NudgeIntegrationTests */ = {isa = PBXBuildFile; fileRef = B20000000000000000000005; };
		A20000000000000000000021 /* CodexHookAdapter.swift in NudgeIntegrationTests */ = {isa = PBXBuildFile; fileRef = B20000000000000000000006; };
		A20000000000000000000022 /* BridgeProcessor.swift in NudgeIntegrationTests */ = {isa = PBXBuildFile; fileRef = B20000000000000000000009; };
		A20000000000000000000023 /* CodexConfigurationResolver.swift in NudgeIntegrationTests */ = {isa = PBXBuildFile; fileRef = B20000000000000000000007; };
		A20000000000000000000024 /* CodexHookInstaller.swift in NudgeIntegrationTests */ = {isa = PBXBuildFile; fileRef = B20000000000000000000008; };
		A20000000000000000000025 /* WireValidationTests.swift in Sources */ = {isa = PBXBuildFile; fileRef = B2000000000000000000000F; };
		A20000000000000000000026 /* HookInstallerTests.swift in Sources */ = {isa = PBXBuildFile; fileRef = B20000000000000000000011; };
		A20000000000000000000027 /* SocketTransportTests.swift in Sources */ = {isa = PBXBuildFile; fileRef = B20000000000000000000012; };
		A20000000000000000000028 /* WireAdapterTests.swift in Sources */ = {isa = PBXBuildFile; fileRef = B20000000000000000000013; };
		A20000000000000000000029 /* BridgeFailureTests.swift in Sources */ = {isa = PBXBuildFile; fileRef = B20000000000000000000014; };
		A2000000000000000000002F /* CodexEventMonitor.swift in NudgeIntegrationTests */ = {isa = PBXBuildFile; fileRef = B2000000000000000000000A; };
		A2000000000000000000002A /* XCTest.framework in NudgeCoreTests */ = {isa = PBXBuildFile; fileRef = B20000000000000000000019; };
		A2000000000000000000002B /* XCTest.framework in NudgeIntegrationTests */ = {isa = PBXBuildFile; fileRef = B20000000000000000000019; };
		A2000000000000000000002C /* Codex fixtures in NudgeIntegrationTests */ = {isa = PBXBuildFile; fileRef = B20000000000000000000015; };
		A2000000000000000000002D /* NudgeBridge in Embed Helper Tool */ = {isa = PBXBuildFile; fileRef = B20000000000000000000016; settings = {ATTRIBUTES = (CodeSignOnCopy, RemoveHeadersOnCopy,);}; };
		A2000000000000000000002E /* NudgeBridge in Integration Test Executable */ = {isa = PBXBuildFile; fileRef = B20000000000000000000016; settings = {ATTRIBUTES = (CodeSignOnCopy, RemoveHeadersOnCopy,);}; };
        A40000000000000000000001 /* SpaceTransition.swift in Nudge */ = {isa = PBXBuildFile; fileRef = B40000000000000000000001; };
        A40000000000000000000002 /* SpaceTransition.swift in NudgeCoreTests */ = {isa = PBXBuildFile; fileRef = B40000000000000000000001; };
        A40000000000000000000003 /* SpaceTransitionTests.swift in NudgeCoreTests */ = {isa = PBXBuildFile; fileRef = B40000000000000000000002; };
        A50000000000000000000001 /* CodexEventIngress.swift in Nudge */ = {isa = PBXBuildFile; fileRef = B50000000000000000000001; };
        A50000000000000000000002 /* CodexEventIngress.swift in NudgeIntegrationTests */ = {isa = PBXBuildFile; fileRef = B50000000000000000000001; };
        A50000000000000000000003 /* CodexEventIngressTests.swift in Sources */ = {isa = PBXBuildFile; fileRef = B50000000000000000000002; };
/* End PBXBuildFile section */

/* Begin PBXFileReference section */
		B10000000000000000000001 /* NudgeApp.swift */ = {isa = PBXFileReference; lastKnownFileType = sourcecode.swift; path = NudgeApp.swift; sourceTree = "<group>"; };
		B10000000000000000000002 /* NudgeAppDelegate.swift */ = {isa = PBXFileReference; lastKnownFileType = sourcecode.swift; path = NudgeAppDelegate.swift; sourceTree = "<group>"; };
		B10000000000000000000003 /* AppState.swift */ = {isa = PBXFileReference; lastKnownFileType = sourcecode.swift; path = AppState.swift; sourceTree = "<group>"; };
		B10000000000000000000004 /* NudgeModels.swift */ = {isa = PBXFileReference; lastKnownFileType = sourcecode.swift; path = NudgeModels.swift; sourceTree = "<group>"; };
		B10000000000000000000005 /* PresentationReducer.swift */ = {isa = PBXFileReference; lastKnownFileType = sourcecode.swift; path = PresentationReducer.swift; sourceTree = "<group>"; };
		B10000000000000000000006 /* NotchGeometry.swift */ = {isa = PBXFileReference; lastKnownFileType = sourcecode.swift; path = NotchGeometry.swift; sourceTree = "<group>"; };
		B10000000000000000000007 /* NotchPanelController.swift */ = {isa = PBXFileReference; lastKnownFileType = sourcecode.swift; path = NotchPanelController.swift; sourceTree = "<group>"; };
		B10000000000000000000008 /* NotchRootView.swift */ = {isa = PBXFileReference; lastKnownFileType = sourcecode.swift; path = NotchRootView.swift; sourceTree = "<group>"; };
		B10000000000000000000009 /* Nudgie.swift */ = {isa = PBXFileReference; lastKnownFileType = sourcecode.swift; path = Nudgie.swift; sourceTree = "<group>"; };
		B1000000000000000000000A /* PlaygroundMenuView.swift */ = {isa = PBXFileReference; lastKnownFileType = sourcecode.swift; path = PlaygroundMenuView.swift; sourceTree = "<group>"; };
		B1000000000000000000000B /* Info.plist */ = {isa = PBXFileReference; lastKnownFileType = text.plist.xml; path = Info.plist; sourceTree = "<group>"; };
		B1000000000000000000000C /* Nudge.app */ = {isa = PBXFileReference; explicitFileType = wrapper.application; includeInIndex = 0; path = Nudge.app; sourceTree = BUILT_PRODUCTS_DIR; };
		B1000000000000000000000D /* NotchComponents.swift */ = {isa = PBXFileReference; lastKnownFileType = sourcecode.swift; path = Nudge/UI/NotchComponents.swift; sourceTree = SOURCE_ROOT; };
		B1000000000000000000000E /* PlaygroundScenario.swift */ = {isa = PBXFileReference; lastKnownFileType = sourcecode.swift; path = Nudge/Debug/PlaygroundScenario.swift; sourceTree = SOURCE_ROOT; };
		B1000000000000000000000F /* CodexNavigator.swift */ = {isa = PBXFileReference; lastKnownFileType = sourcecode.swift; path = Nudge/Integration/Codex/Navigation/CodexNavigator.swift; sourceTree = SOURCE_ROOT; };
		B20000000000000000000001 /* NudgeEvent.swift */ = {isa = PBXFileReference; lastKnownFileType = sourcecode.swift; path = Nudge/Core/Events/NudgeEvent.swift; sourceTree = SOURCE_ROOT; };
		B20000000000000000000002 /* SessionReducer.swift */ = {isa = PBXFileReference; lastKnownFileType = sourcecode.swift; path = Nudge/Core/Reducer/SessionReducer.swift; sourceTree = SOURCE_ROOT; };
		B20000000000000000000003 /* FocusPolicy.swift */ = {isa = PBXFileReference; lastKnownFileType = sourcecode.swift; path = Nudge/Core/Reducer/FocusPolicy.swift; sourceTree = SOURCE_ROOT; };
		B20000000000000000000004 /* WireEnvelope.swift */ = {isa = PBXFileReference; lastKnownFileType = sourcecode.swift; path = Nudge/IPC/WireEnvelope.swift; sourceTree = SOURCE_ROOT; };
		B20000000000000000000005 /* UnixSocketTransport.swift */ = {isa = PBXFileReference; lastKnownFileType = sourcecode.swift; path = Nudge/IPC/UnixSocketTransport.swift; sourceTree = SOURCE_ROOT; };
		B20000000000000000000006 /* CodexHookAdapter.swift */ = {isa = PBXFileReference; lastKnownFileType = sourcecode.swift; path = Nudge/Integration/Codex/Hooks/CodexHookAdapter.swift; sourceTree = SOURCE_ROOT; };
		B20000000000000000000007 /* CodexConfigurationResolver.swift */ = {isa = PBXFileReference; lastKnownFileType = sourcecode.swift; path = Nudge/Integration/Codex/Hooks/CodexConfigurationResolver.swift; sourceTree = SOURCE_ROOT; };
		B20000000000000000000008 /* CodexHookInstaller.swift */ = {isa = PBXFileReference; lastKnownFileType = sourcecode.swift; path = Nudge/Integration/Codex/Hooks/CodexHookInstaller.swift; sourceTree = SOURCE_ROOT; };
		B20000000000000000000009 /* BridgeProcessor.swift */ = {isa = PBXFileReference; lastKnownFileType = sourcecode.swift; path = Nudge/Integration/Codex/Hooks/BridgeProcessor.swift; sourceTree = SOURCE_ROOT; };
		B2000000000000000000000A /* CodexEventMonitor.swift */ = {isa = PBXFileReference; lastKnownFileType = sourcecode.swift; path = Nudge/Services/CodexEventMonitor.swift; sourceTree = SOURCE_ROOT; };
		B2000000000000000000000B /* BridgeHelperInstaller.swift */ = {isa = PBXFileReference; lastKnownFileType = sourcecode.swift; path = Nudge/Services/BridgeHelperInstaller.swift; sourceTree = SOURCE_ROOT; };
		B2000000000000000000000C /* main.swift */ = {isa = PBXFileReference; lastKnownFileType = sourcecode.swift; path = NudgeBridge/main.swift; sourceTree = SOURCE_ROOT; };
		B2000000000000000000000D /* SessionReducerTests.swift */ = {isa = PBXFileReference; lastKnownFileType = sourcecode.swift; path = NudgeCoreTests/SessionReducerTests.swift; sourceTree = SOURCE_ROOT; };
		B2000000000000000000000E /* FocusPolicyTests.swift */ = {isa = PBXFileReference; lastKnownFileType = sourcecode.swift; path = NudgeCoreTests/FocusPolicyTests.swift; sourceTree = SOURCE_ROOT; };
		B2000000000000000000000F /* WireValidationTests.swift */ = {isa = PBXFileReference; lastKnownFileType = sourcecode.swift; path = NudgeCoreTests/WireValidationTests.swift; sourceTree = SOURCE_ROOT; };
		B20000000000000000000010 /* PresentationReducerTests.swift */ = {isa = PBXFileReference; lastKnownFileType = sourcecode.swift; path = NudgeCoreTests/PresentationReducerTests.swift; sourceTree = SOURCE_ROOT; };
		B20000000000000000000011 /* HookInstallerTests.swift */ = {isa = PBXFileReference; lastKnownFileType = sourcecode.swift; path = NudgeIntegrationTests/HookInstallerTests.swift; sourceTree = SOURCE_ROOT; };
		B20000000000000000000012 /* SocketTransportTests.swift */ = {isa = PBXFileReference; lastKnownFileType = sourcecode.swift; path = NudgeIntegrationTests/SocketTransportTests.swift; sourceTree = SOURCE_ROOT; };
		B20000000000000000000013 /* WireAdapterTests.swift */ = {isa = PBXFileReference; lastKnownFileType = sourcecode.swift; path = NudgeIntegrationTests/WireAdapterTests.swift; sourceTree = SOURCE_ROOT; };
		B20000000000000000000014 /* BridgeFailureTests.swift */ = {isa = PBXFileReference; lastKnownFileType = sourcecode.swift; path = NudgeIntegrationTests/BridgeFailureTests.swift; sourceTree = SOURCE_ROOT; };
		B20000000000000000000015 /* CodexFixtures */ = {isa = PBXFileReference; lastKnownFileType = folder; path = NudgeIntegrationTests/Fixtures/Codex; sourceTree = SOURCE_ROOT; };
		B20000000000000000000016 /* NudgeBridge */ = {isa = PBXFileReference; explicitFileType = "compiled.mach-o.executable"; includeInIndex = 0; path = NudgeBridge; sourceTree = BUILT_PRODUCTS_DIR; };
		B20000000000000000000017 /* NudgeCoreTests.xctest */ = {isa = PBXFileReference; explicitFileType = wrapper.cfbundle; includeInIndex = 0; path = NudgeCoreTests.xctest; sourceTree = BUILT_PRODUCTS_DIR; };
		B20000000000000000000018 /* NudgeIntegrationTests.xctest */ = {isa = PBXFileReference; explicitFileType = wrapper.cfbundle; includeInIndex = 0; path = NudgeIntegrationTests.xctest; sourceTree = BUILT_PRODUCTS_DIR; };
		B20000000000000000000019 /* XCTest.framework */ = {isa = PBXFileReference; lastKnownFileType = wrapper.framework; name = XCTest.framework; path = System/Library/Frameworks/XCTest.framework; sourceTree = SDKROOT; };
        B40000000000000000000001 /* SpaceTransition.swift */ = {isa = PBXFileReference; lastKnownFileType = sourcecode.swift; path = Nudge/UI/SpaceTransition.swift; sourceTree = SOURCE_ROOT; };
        B40000000000000000000002 /* SpaceTransitionTests.swift */ = {isa = PBXFileReference; lastKnownFileType = sourcecode.swift; path = NudgeCoreTests/SpaceTransitionTests.swift; sourceTree = SOURCE_ROOT; };
        B50000000000000000000001 /* CodexEventIngress.swift */ = {isa = PBXFileReference; lastKnownFileType = sourcecode.swift; path = Nudge/Services/CodexEventIngress.swift; sourceTree = SOURCE_ROOT; };
        B50000000000000000000002 /* CodexEventIngressTests.swift */ = {isa = PBXFileReference; lastKnownFileType = sourcecode.swift; path = NudgeIntegrationTests/CodexEventIngressTests.swift; sourceTree = SOURCE_ROOT; };
/* End PBXFileReference section */

/* Begin PBXFrameworksBuildPhase section */
		C10000000000000000000001 /* Frameworks */ = {isa = PBXFrameworksBuildPhase; buildActionMask = 2147483647; files = (); runOnlyForDeploymentPostprocessing = 0; };
		C20000000000000000000001 /* Frameworks */ = {isa = PBXFrameworksBuildPhase; buildActionMask = 2147483647; files = (); runOnlyForDeploymentPostprocessing = 0; };
		C20000000000000000000002 /* Frameworks */ = {isa = PBXFrameworksBuildPhase; buildActionMask = 2147483647; files = (A2000000000000000000002A, ); runOnlyForDeploymentPostprocessing = 0; };
		C20000000000000000000003 /* Frameworks */ = {isa = PBXFrameworksBuildPhase; buildActionMask = 2147483647; files = (A2000000000000000000002B, ); runOnlyForDeploymentPostprocessing = 0; };
/* End PBXFrameworksBuildPhase section */

/* Begin PBXGroup section */
		D10000000000000000000001 = {
			isa = PBXGroup;
			children = (
				B1000000000000000000000D /* NotchComponents.swift */,
				B1000000000000000000000E /* PlaygroundScenario.swift */,
				B1000000000000000000000F /* CodexNavigator.swift */,
                B40000000000000000000001 /* SpaceTransition.swift */,
                B40000000000000000000002 /* SpaceTransitionTests.swift */,
				D10000000000000000000002 /* Nudge */,
				D20000000000000000000001 /* M1 Sources and Tests */,
				D10000000000000000000003 /* Products */,
			);
			sourceTree = "<group>";
		};
		D10000000000000000000002 /* Nudge */ = {
			isa = PBXGroup;
			children = (
				D10000000000000000000004 /* App */,
				D10000000000000000000005 /* Core */,
				D10000000000000000000006 /* UI */,
				D10000000000000000000007 /* Support */,
			);
			path = Nudge;
			sourceTree = "<group>";
		};
		D10000000000000000000003 /* Products */ = {isa = PBXGroup; children = (B1000000000000000000000C /* Nudge.app */, B20000000000000000000016 /* NudgeBridge */, B20000000000000000000017 /* NudgeCoreTests.xctest */, B20000000000000000000018 /* NudgeIntegrationTests.xctest */, ); name = Products; sourceTree = "<group>"; };
		D10000000000000000000004 /* App */ = {isa = PBXGroup; children = (B10000000000000000000001, B10000000000000000000002, B10000000000000000000003, ); path = App; sourceTree = "<group>"; };
		D10000000000000000000005 /* Core */ = {isa = PBXGroup; children = (B10000000000000000000004, B10000000000000000000005, ); path = Core; sourceTree = "<group>"; };
		D10000000000000000000006 /* UI */ = {isa = PBXGroup; children = (B10000000000000000000006, B10000000000000000000007, B10000000000000000000008, B10000000000000000000009, B1000000000000000000000A, ); path = UI; sourceTree = "<group>"; };
		D10000000000000000000007 /* Support */ = {isa = PBXGroup; children = (B1000000000000000000000B, ); path = Support; sourceTree = "<group>"; };
		E10000000000000000000001 /* Sources */ = {isa = PBXSourcesBuildPhase; buildActionMask = 2147483647; files = (
            A40000000000000000000001 /* SpaceTransition.swift in Nudge */,
			A10000000000000000000001 /* NudgeApp.swift in Sources */,
			A10000000000000000000002 /* NudgeAppDelegate.swift in Sources */,
			A10000000000000000000003 /* AppState.swift in Sources */,
			A10000000000000000000004 /* NudgeModels.swift in Sources */,
			A10000000000000000000005 /* PresentationReducer.swift in Sources */,
			A10000000000000000000006 /* NotchGeometry.swift in Sources */,
			A10000000000000000000007 /* NotchPanelController.swift in Sources */,
			A10000000000000000000008 /* NotchRootView.swift in Sources */,
			A10000000000000000000009 /* Nudgie.swift in Sources */,
			A1000000000000000000000A /* PlaygroundMenuView.swift in Sources */,
			A1000000000000000000000D /* NotchComponents.swift in Sources */,
			A1000000000000000000000E /* PlaygroundScenario.swift in Sources */,
			A1000000000000000000000F /* CodexNavigator.swift in Sources */,
			A20000000000000000000001,
			A20000000000000000000002,
			A20000000000000000000003,
			A20000000000000000000004,
			A20000000000000000000005,
			A20000000000000000000006,
			A20000000000000000000007,
			A20000000000000000000008,
			A20000000000000000000009,
            A2000000000000000000000A,
            A2000000000000000000000B,
            A50000000000000000000001 /* CodexEventIngress.swift in Nudge */,
        ); runOnlyForDeploymentPostprocessing = 0; };
        D20000000000000000000001 /* M1 Sources and Tests */ = {isa = PBXGroup; children = (B20000000000000000000001, B20000000000000000000002, B20000000000000000000003, B20000000000000000000004, B20000000000000000000005, B20000000000000000000006, B20000000000000000000007, B20000000000000000000008, B20000000000000000000009, B2000000000000000000000A, B2000000000000000000000B, B2000000000000000000000C, B2000000000000000000000D, B2000000000000000000000E, B2000000000000000000000F, B20000000000000000000010, B20000000000000000000011, B20000000000000000000012, B20000000000000000000013, B20000000000000000000014, B20000000000000000000015, B20000000000000000000019, B50000000000000000000001, B50000000000000000000002, ); name = "M1 Sources and Tests"; sourceTree = "<group>"; };
		E20000000000000000000001 /* Sources */ = {isa = PBXSourcesBuildPhase; buildActionMask = 2147483647; files = (A2000000000000000000000C, A2000000000000000000000D, A2000000000000000000000E, A2000000000000000000000F, A20000000000000000000010, A20000000000000000000011, A20000000000000000000012, ); runOnlyForDeploymentPostprocessing = 0; };
		E20000000000000000000002 /* Sources */ = {isa = PBXSourcesBuildPhase; buildActionMask = 2147483647; files = (A40000000000000000000002, A40000000000000000000003, A20000000000000000000013, A20000000000000000000014, A20000000000000000000015, A20000000000000000000016, A20000000000000000000017, A20000000000000000000018, A20000000000000000000019, A2000000000000000000001A, ); runOnlyForDeploymentPostprocessing = 0; };
		E20000000000000000000003 /* Sources */ = {isa = PBXSourcesBuildPhase; buildActionMask = 2147483647; files = (A2000000000000000000001B, A2000000000000000000001C, A2000000000000000000001D, A2000000000000000000001E, A2000000000000000000001F, A20000000000000000000020, A20000000000000000000021, A20000000000000000000022, A20000000000000000000023, A20000000000000000000024, A20000000000000000000025, A20000000000000000000026, A20000000000000000000027, A20000000000000000000028, A20000000000000000000029, A2000000000000000000002F, A50000000000000000000002, A50000000000000000000003, ); runOnlyForDeploymentPostprocessing = 0; };
		E20000000000000000000004 /* Embed Helper Tool */ = {isa = PBXCopyFilesBuildPhase; buildActionMask = 2147483647; dstPath = ""; dstSubfolderSpec = 6; files = (A2000000000000000000002D, ); name = "Embed Helper Tool"; runOnlyForDeploymentPostprocessing = 0; };
		E20000000000000000000005 /* Embed NudgeBridge in Integration Tests */ = {isa = PBXCopyFilesBuildPhase; buildActionMask = 2147483647; dstPath = ""; dstSubfolderSpec = 6; files = (A2000000000000000000002E, ); name = "Embed NudgeBridge in Integration Tests"; runOnlyForDeploymentPostprocessing = 0; };
		R20000000000000000000001 /* Resources */ = {isa = PBXResourcesBuildPhase; buildActionMask = 2147483647; files = (); runOnlyForDeploymentPostprocessing = 0; };
		R20000000000000000000002 /* Resources */ = {isa = PBXResourcesBuildPhase; buildActionMask = 2147483647; files = (A2000000000000000000002C, ); runOnlyForDeploymentPostprocessing = 0; };
/* End PBXSourcesBuildPhase section */

/* Begin PBXNativeTarget section */
		F10000000000000000000001 /* Nudge */ = {
			isa = PBXNativeTarget;
			buildConfigurationList = F10000000000000000000003 /* Build configuration list for PBXNativeTarget "Nudge" */;
			buildPhases = (E10000000000000000000001 /* Sources */, C10000000000000000000001 /* Frameworks */, F10000000000000000000002 /* Resources */, E20000000000000000000004 /* Embed Helper Tool */, );
			buildRules = ();
			dependencies = (U20000000000000000000002 /* NudgeBridge */, );
			name = Nudge;
			productName = Nudge;
			productReference = B1000000000000000000000C /* Nudge.app */;
			productType = "com.apple.product-type.application";
		};
		U20000000000000000000002 /* NudgeBridge */ = {isa = PBXTargetDependency; target = F20000000000000000000001; targetProxy = U20000000000000000000001; };
		F20000000000000000000001 /* NudgeBridge */ = {isa = PBXNativeTarget; buildConfigurationList = C30000000000000000000001; buildPhases = (E20000000000000000000001, C20000000000000000000001, ); buildRules = (); dependencies = (); name = NudgeBridge; productName = NudgeBridge; productReference = B20000000000000000000016; productType = "com.apple.product-type.tool"; };
		F20000000000000000000002 /* NudgeCoreTests */ = {isa = PBXNativeTarget; buildConfigurationList = C30000000000000000000002; buildPhases = (E20000000000000000000002, C20000000000000000000002, R20000000000000000000001, ); buildRules = (); dependencies = (); name = NudgeCoreTests; productName = NudgeCoreTests; productReference = B20000000000000000000017; productType = "com.apple.product-type.bundle.unit-test"; };
		F20000000000000000000003 /* NudgeIntegrationTests */ = {isa = PBXNativeTarget; buildConfigurationList = C30000000000000000000003; buildPhases = (E20000000000000000000003, C20000000000000000000003, R20000000000000000000002, E20000000000000000000005, ); buildRules = (); dependencies = (U20000000000000000000003, ); name = NudgeIntegrationTests; productName = NudgeIntegrationTests; productReference = B20000000000000000000018; productType = "com.apple.product-type.bundle.unit-test"; };
/* End PBXNativeTarget section */

/* Begin PBXProject section */
		F10000000000000000000004 /* Project object */ = {
			isa = PBXProject;
			attributes = { BuildIndependentTargetsInParallel = 1; LastSwiftUpdateCheck = 2700; LastUpgradeCheck = 2700; TargetAttributes = { F10000000000000000000001 = { CreatedOnToolsVersion = 27.0; }; }; };
			buildConfigurationList = F10000000000000000000005 /* Build configuration list for PBXProject "Nudge" */;
			compatibilityVersion = "Xcode 14.0";
			developmentRegion = en;
			hasScannedForEncodings = 0;
			knownRegions = (en, Base, );
			mainGroup = D10000000000000000000001;
			productRefGroup = D10000000000000000000003 /* Products */;
			projectDirPath = "";
			projectRoot = "";
			targets = (F10000000000000000000001 /* Nudge */, F20000000000000000000001 /* NudgeBridge */, F20000000000000000000002 /* NudgeCoreTests */, F20000000000000000000003 /* NudgeIntegrationTests */, );
		};
/* End PBXProject section */

/* Begin PBXResourcesBuildPhase section */
		F10000000000000000000002 /* Resources */ = {isa = PBXResourcesBuildPhase; buildActionMask = 2147483647; files = (); runOnlyForDeploymentPostprocessing = 0; };
/* End PBXResourcesBuildPhase section */

/* Begin XCBuildConfiguration section */
		F10000000000000000000010 /* Debug project */ = {isa = XCBuildConfiguration; buildSettings = {
			CLANG_ENABLE_MODULES = YES;
			CLANG_WARN_DOCUMENTATION_COMMENTS = YES;
			MACOSX_DEPLOYMENT_TARGET = 15.0;
			SDKROOT = macosx;
			SWIFT_VERSION = 6.0;
			SWIFT_STRICT_CONCURRENCY = complete;
		}; name = Debug; };
		F10000000000000000000011 /* Release project */ = {isa = XCBuildConfiguration; buildSettings = {
			CLANG_ENABLE_MODULES = YES;
			CLANG_WARN_DOCUMENTATION_COMMENTS = YES;
			MACOSX_DEPLOYMENT_TARGET = 15.0;
			SDKROOT = macosx;
			SWIFT_VERSION = 6.0;
			SWIFT_STRICT_CONCURRENCY = complete;
		}; name = Release; };
		F10000000000000000000012 /* Debug Nudge */ = {isa = XCBuildConfiguration; buildSettings = {
			CODE_SIGN_IDENTITY = "-";
			CODE_SIGN_STYLE = Manual;
			ENABLE_APP_SANDBOX = NO;
			GENERATE_INFOPLIST_FILE = NO;
			INFOPLIST_FILE = Nudge/Support/Info.plist;
			LD_RUNPATH_SEARCH_PATHS = ("$(inherited)", "@executable_path/../Frameworks", );
			MACOSX_DEPLOYMENT_TARGET = 15.0;
			PRODUCT_BUNDLE_IDENTIFIER = com.nudge.companion;
			PRODUCT_NAME = Nudge;
			SUPPORTED_PLATFORMS = macosx;
			SWIFT_ACTIVE_COMPILATION_CONDITIONS = "DEBUG $(inherited)";
			SWIFT_EMIT_LOC_STRINGS = YES;
			SWIFT_VERSION = 6.0;
		}; name = Debug; };
		F10000000000000000000013 /* Release Nudge */ = {isa = XCBuildConfiguration; buildSettings = {
			CODE_SIGN_IDENTITY = "-";
			CODE_SIGN_STYLE = Manual;
			ENABLE_APP_SANDBOX = NO;
			GENERATE_INFOPLIST_FILE = NO;
			INFOPLIST_FILE = Nudge/Support/Info.plist;
			LD_RUNPATH_SEARCH_PATHS = ("$(inherited)", "@executable_path/../Frameworks", );
			MACOSX_DEPLOYMENT_TARGET = 15.0;
			PRODUCT_BUNDLE_IDENTIFIER = com.nudge.companion;
			PRODUCT_NAME = Nudge;
			SUPPORTED_PLATFORMS = macosx;
			SWIFT_VERSION = 6.0;
		}; name = Release; };
		F30000000000000000000001 /* Debug NudgeBridge */ = {isa = XCBuildConfiguration; buildSettings = {CODE_SIGN_IDENTITY = "-"; CODE_SIGN_STYLE = Manual; MACOSX_DEPLOYMENT_TARGET = 15.0; PRODUCT_BUNDLE_IDENTIFIER = com.nudge.bridge; PRODUCT_NAME = "$(TARGET_NAME)"; SDKROOT = macosx; SUPPORTED_PLATFORMS = macosx; SWIFT_STRICT_CONCURRENCY = complete; SWIFT_VERSION = 6.0; GENERATE_INFOPLIST_FILE = YES; SWIFT_ACTIVE_COMPILATION_CONDITIONS = "DEBUG $(inherited)";}; name = Debug; };
		F30000000000000000000002 /* Release NudgeBridge */ = {isa = XCBuildConfiguration; buildSettings = {CODE_SIGN_IDENTITY = "-"; CODE_SIGN_STYLE = Manual; MACOSX_DEPLOYMENT_TARGET = 15.0; PRODUCT_BUNDLE_IDENTIFIER = com.nudge.bridge; PRODUCT_NAME = "$(TARGET_NAME)"; SDKROOT = macosx; SUPPORTED_PLATFORMS = macosx; SWIFT_STRICT_CONCURRENCY = complete; SWIFT_VERSION = 6.0; GENERATE_INFOPLIST_FILE = YES;}; name = Release; };
		F30000000000000000000003 /* Debug NudgeCoreTests */ = {isa = XCBuildConfiguration; buildSettings = {CODE_SIGN_IDENTITY = "-"; CODE_SIGN_STYLE = Manual; MACOSX_DEPLOYMENT_TARGET = 15.0; PRODUCT_BUNDLE_IDENTIFIER = com.nudge.NudgeCoreTests; PRODUCT_NAME = "$(TARGET_NAME)"; SDKROOT = macosx; SUPPORTED_PLATFORMS = macosx; SWIFT_STRICT_CONCURRENCY = complete; SWIFT_VERSION = 6.0; GENERATE_INFOPLIST_FILE = YES; BUNDLE_LOADER = ""; TEST_HOST = ""; SKIP_INSTALL = YES;}; name = Debug; };
		F30000000000000000000004 /* Release NudgeCoreTests */ = {isa = XCBuildConfiguration; buildSettings = {CODE_SIGN_IDENTITY = "-"; CODE_SIGN_STYLE = Manual; MACOSX_DEPLOYMENT_TARGET = 15.0; PRODUCT_BUNDLE_IDENTIFIER = com.nudge.NudgeCoreTests; PRODUCT_NAME = "$(TARGET_NAME)"; SDKROOT = macosx; SUPPORTED_PLATFORMS = macosx; SWIFT_STRICT_CONCURRENCY = complete; SWIFT_VERSION = 6.0; GENERATE_INFOPLIST_FILE = YES; BUNDLE_LOADER = ""; TEST_HOST = ""; SKIP_INSTALL = YES;}; name = Release; };
		F30000000000000000000005 /* Debug NudgeIntegrationTests */ = {isa = XCBuildConfiguration; buildSettings = {CODE_SIGN_IDENTITY = "-"; CODE_SIGN_STYLE = Manual; MACOSX_DEPLOYMENT_TARGET = 15.0; PRODUCT_BUNDLE_IDENTIFIER = com.nudge.NudgeIntegrationTests; PRODUCT_NAME = "$(TARGET_NAME)"; SDKROOT = macosx; SUPPORTED_PLATFORMS = macosx; SWIFT_STRICT_CONCURRENCY = complete; SWIFT_VERSION = 6.0; GENERATE_INFOPLIST_FILE = YES; BUNDLE_LOADER = ""; TEST_HOST = ""; SKIP_INSTALL = YES;}; name = Debug; };
		F30000000000000000000006 /* Release NudgeIntegrationTests */ = {isa = XCBuildConfiguration; buildSettings = {CODE_SIGN_IDENTITY = "-"; CODE_SIGN_STYLE = Manual; MACOSX_DEPLOYMENT_TARGET = 15.0; PRODUCT_BUNDLE_IDENTIFIER = com.nudge.NudgeIntegrationTests; PRODUCT_NAME = "$(TARGET_NAME)"; SDKROOT = macosx; SUPPORTED_PLATFORMS = macosx; SWIFT_STRICT_CONCURRENCY = complete; SWIFT_VERSION = 6.0; GENERATE_INFOPLIST_FILE = YES; BUNDLE_LOADER = ""; TEST_HOST = ""; SKIP_INSTALL = YES;}; name = Release; };
/* End XCBuildConfiguration section */

/* Begin XCConfigurationList section */
		F10000000000000000000005 /* Build configuration list for PBXProject "Nudge" */ = {isa = XCConfigurationList; buildConfigurations = (F10000000000000000000010, F10000000000000000000011, ); defaultConfigurationIsVisible = 0; defaultConfigurationName = Release; };
		F10000000000000000000003 /* Build configuration list for PBXNativeTarget "Nudge" */ = {isa = XCConfigurationList; buildConfigurations = (F10000000000000000000012, F10000000000000000000013, ); defaultConfigurationIsVisible = 0; defaultConfigurationName = Release; };
		C30000000000000000000001 /* Build configuration list for NudgeBridge */ = {isa = XCConfigurationList; buildConfigurations = (F30000000000000000000001, F30000000000000000000002, ); defaultConfigurationIsVisible = 0; defaultConfigurationName = Release; };
		C30000000000000000000002 /* Build configuration list for NudgeCoreTests */ = {isa = XCConfigurationList; buildConfigurations = (F30000000000000000000003, F30000000000000000000004, ); defaultConfigurationIsVisible = 0; defaultConfigurationName = Release; };
		C30000000000000000000003 /* Build configuration list for NudgeIntegrationTests */ = {isa = XCConfigurationList; buildConfigurations = (F30000000000000000000005, F30000000000000000000006, ); defaultConfigurationIsVisible = 0; defaultConfigurationName = Release; };
/* End XCConfigurationList section */
		U20000000000000000000001 /* PBXContainerItemProxy */ = {isa = PBXContainerItemProxy; containerPortal = F10000000000000000000004 /* Project object */; proxyType = 1; remoteGlobalIDString = F20000000000000000000001; remoteInfo = NudgeBridge; };
		U20000000000000000000002 /* NudgeBridge */ = {isa = PBXTargetDependency; target = F20000000000000000000001; targetProxy = U20000000000000000000001; };
		U20000000000000000000003 /* NudgeBridge for IntegrationTests */ = {isa = PBXTargetDependency; target = F20000000000000000000001; targetProxy = U20000000000000000000004; };
		U20000000000000000000004 /* PBXContainerItemProxy for NudgeBridge Integration Tests */ = {isa = PBXContainerItemProxy; containerPortal = F10000000000000000000004 /* Project object */; proxyType = 1; remoteGlobalIDString = F20000000000000000000001; remoteInfo = NudgeBridge; };

	};
	rootObject = F10000000000000000000004 /* Project object */;
}
